
Microsoft Visual Studio Solution File, Format Version 12.00
# Visual Studio Version 17
VisualStudioVersion = 17.9.34407.89
MinimumVisualStudioVersion = 10.0.40219.1
Project("{9A19103F-16F7-4668-BE54-9A1E7A4F7556}") = "MijnThuis.Api", "MijnThuis.Api\MijnThuis.Api.csproj", "{E0A2E918-8C15-4469-A589-61928FCB9E50}"
EndProject
Project("{9A19103F-16F7-4668-BE54-9A1E7A4F7556}") = "MijnThuis.Contracts", "MijnThuis.Contracts\MijnThuis.Contracts.csproj", "{68CEFBDA-745D-4684-91CC-F4B4715DEC3E}"
EndProject
Project("{9A19103F-16F7-4668-BE54-9A1E7A4F7556}") = "MijnThuis.Dashboard.Wpf", "MijnThuis.Dashboard.Wpf\MijnThuis.Dashboard.Wpf.csproj", "{32D71753-B327-4914-973B-9BC916506FC4}"
EndProject
Project("{9A19103F-16F7-4668-BE54-9A1E7A4F7556}") = "MijnThuis.Dashboard.Web", "MijnThuis.Dashboard.Web\MijnThuis.Dashboard.Web.csproj", "{35BE2B21-0BA7-4554-AAF6-9DDB966F0ECE}"
EndProject
Project("{9A19103F-16F7-4668-BE54-9A1E7A4F7556}") = "MijnThuis.Application", "MijnThuis.Application\MijnThuis.Application.csproj", "{85B9602C-F4A0-4EC7-B5E5-6F4FD67FC100}"
EndProject
Project("{9A19103F-16F7-4668-BE54-9A1E7A4F7556}") = "MijnThuis.Integrations", "MijnThuis.Integrations\MijnThuis.Integrations.csproj", "{212371A2-6082-49B4-A1B3-662B3EF2DB17}"
EndProject
Project("{9A19103F-16F7-4668-BE54-9A1E7A4F7556}") = "MijnThuis.Dashboard.App", "MijnThuis.Dashboard.App\MijnThuis.Dashboard.App.csproj", "{B9F21BA5-C343-46F9-9737-99268D4A8E6E}"
EndProject
Project("{FAE04EC0-301F-11D3-BF4B-00C04F79EFBC}") = "MijnThuis.Worker", "MijnThuis.Worker\MijnThuis.Worker.csproj", "{BE81604F-1789-4B39-A434-3188EC8EBB4F}"
EndProject
Global
	GlobalSection(SolutionConfigurationPlatforms) = preSolution
		Debug|Any CPU = Debug|Any CPU
		Debug|x64 = Debug|x64
		Release|Any CPU = Release|Any CPU
		Release|x64 = Release|x64
	EndGlobalSection
	GlobalSection(ProjectConfigurationPlatforms) = postSolution
		{E0A2E918-8C15-4469-A589-61928FCB9E50}.Debug|Any CPU.ActiveCfg = Debug|Any CPU
		{E0A2E918-8C15-4469-A589-61928FCB9E50}.Debug|Any CPU.Build.0 = Debug|Any CPU
		{E0A2E918-8C15-4469-A589-61928FCB9E50}.Debug|x64.ActiveCfg = Debug|Any CPU
		{E0A2E918-8C15-4469-A589-61928FCB9E50}.Debug|x64.Build.0 = Debug|Any CPU
		{E0A2E918-8C15-4469-A589-61928FCB9E50}.Release|Any CPU.ActiveCfg = Release|Any CPU
		{E0A2E918-8C15-4469-A589-61928FCB9E50}.Release|Any CPU.Build.0 = Release|Any CPU
		{E0A2E918-8C15-4469-A589-61928FCB9E50}.Release|x64.ActiveCfg = Release|Any CPU
		{E0A2E918-8C15-4469-A589-61928FCB9E50}.Release|x64.Build.0 = Release|Any CPU
		{68CEFBDA-745D-4684-91CC-F4B4715DEC3E}.Debug|Any CPU.ActiveCfg = Debug|Any CPU
		{68CEFBDA-745D-4684-91CC-F4B4715DEC3E}.Debug|Any CPU.Build.0 = Debug|Any CPU
		{68CEFBDA-745D-4684-91CC-F4B4715DEC3E}.Debug|x64.ActiveCfg = Debug|Any CPU
		{68CEFBDA-745D-4684-91CC-F4B4715DEC3E}.Debug|x64.Build.0 = Debug|Any CPU
		{68CEFBDA-745D-4684-91CC-F4B4715DEC3E}.Release|Any CPU.ActiveCfg = Release|Any CPU
		{68CEFBDA-745D-4684-91CC-F4B4715DEC3E}.Release|Any CPU.Build.0 = Release|Any CPU
		{68CEFBDA-745D-4684-91CC-F4B4715DEC3E}.Release|x64.ActiveCfg = Release|Any CPU
		{68CEFBDA-745D-4684-91CC-F4B4715DEC3E}.Release|x64.Build.0 = Release|Any CPU
		{32D71753-B327-4914-973B-9BC916506FC4}.Debug|Any CPU.ActiveCfg = Debug|Any CPU
		{32D71753-B327-4914-973B-9BC916506FC4}.Debug|Any CPU.Build.0 = Debug|Any CPU
		{32D71753-B327-4914-973B-9BC916506FC4}.Debug|x64.ActiveCfg = Debug|x64
		{32D71753-B327-4914-973B-9BC916506FC4}.Debug|x64.Build.0 = Debug|x64
		{32D71753-B327-4914-973B-9BC916506FC4}.Release|Any CPU.ActiveCfg = Release|Any CPU
		{32D71753-B327-4914-973B-9BC916506FC4}.Release|Any CPU.Build.0 = Release|Any CPU
		{32D71753-B327-4914-973B-9BC916506FC4}.Release|x64.ActiveCfg = Release|x64
		{32D71753-B327-4914-973B-9BC916506FC4}.Release|x64.Build.0 = Release|x64
		{35BE2B21-0BA7-4554-AAF6-9DDB966F0ECE}.Debug|Any CPU.ActiveCfg = Debug|Any CPU
		{35BE2B21-0BA7-4554-AAF6-9DDB966F0ECE}.Debug|Any CPU.Build.0 = Debug|Any CPU
		{35BE2B21-0BA7-4554-AAF6-9DDB966F0ECE}.Debug|x64.ActiveCfg = Debug|Any CPU
		{35BE2B21-0BA7-4554-AAF6-9DDB966F0ECE}.Debug|x64.Build.0 = Debug|Any CPU
		{35BE2B21-0BA7-4554-AAF6-9DDB966F0ECE}.Release|Any CPU.ActiveCfg = Release|Any CPU
		{35BE2B21-0BA7-4554-AAF6-9DDB966F0ECE}.Release|Any CPU.Build.0 = Release|Any CPU
		{35BE2B21-0BA7-4554-AAF6-9DDB966F0ECE}.Release|x64.ActiveCfg = Release|Any CPU
		{35BE2B21-0BA7-4554-AAF6-9DDB966F0ECE}.Release|x64.Build.0 = Release|Any CPU
		{85B9602C-F4A0-4EC7-B5E5-6F4FD67FC100}.Debug|Any CPU.ActiveCfg = Debug|Any CPU
		{85B9602C-F4A0-4EC7-B5E5-6F4FD67FC100}.Debug|Any CPU.Build.0 = Debug|Any CPU
		{85B9602C-F4A0-4EC7-B5E5-6F4FD67FC100}.Debug|x64.ActiveCfg = Debug|Any CPU
		{85B9602C-F4A0-4EC7-B5E5-6F4FD67FC100}.Debug|x64.Build.0 = Debug|Any CPU
		{85B9602C-F4A0-4EC7-B5E5-6F4FD67FC100}.Release|Any CPU.ActiveCfg = Release|Any CPU
		{85B9602C-F4A0-4EC7-B5E5-6F4FD67FC100}.Release|Any CPU.Build.0 = Release|Any CPU
		{85B9602C-F4A0-4EC7-B5E5-6F4FD67FC100}.Release|x64.ActiveCfg = Release|Any CPU
		{85B9602C-F4A0-4EC7-B5E5-6F4FD67FC100}.Release|x64.Build.0 = Release|Any CPU
		{212371A2-6082-49B4-A1B3-662B3EF2DB17}.Debug|Any CPU.ActiveCfg = Debug|Any CPU
		{212371A2-6082-49B4-A1B3-662B3EF2DB17}.Debug|Any CPU.Build.0 = Debug|Any CPU
		{212371A2-6082-49B4-A1B3-662B3EF2DB17}.Debug|x64.ActiveCfg = Debug|Any CPU
		{212371A2-6082-49B4-A1B3-662B3EF2DB17}.Debug|x64.Build.0 = Debug|Any CPU
		{212371A2-6082-49B4-A1B3-662B3EF2DB17}.Release|Any CPU.ActiveCfg = Release|Any CPU
		{212371A2-6082-49B4-A1B3-662B3EF2DB17}.Release|Any CPU.Build.0 = Release|Any CPU
		{212371A2-6082-49B4-A1B3-662B3EF2DB17}.Release|x64.ActiveCfg = Release|Any CPU
		{212371A2-6082-49B4-A1B3-662B3EF2DB17}.Release|x64.Build.0 = Release|Any CPU
		{B9F21BA5-C343-46F9-9737-99268D4A8E6E}.Debug|Any CPU.ActiveCfg = Debug|Any CPU
		{B9F21BA5-C343-46F9-9737-99268D4A8E6E}.Debug|Any CPU.Build.0 = Debug|Any CPU
		{B9F21BA5-C343-46F9-9737-99268D4A8E6E}.Debug|Any CPU.Deploy.0 = Debug|Any CPU
		{B9F21BA5-C343-46F9-9737-99268D4A8E6E}.Debug|x64.ActiveCfg = Debug|Any CPU
		{B9F21BA5-C343-46F9-9737-99268D4A8E6E}.Debug|x64.Build.0 = Debug|Any CPU
		{B9F21BA5-C343-46F9-9737-99268D4A8E6E}.Debug|x64.Deploy.0 = Debug|Any CPU
		{B9F21BA5-C343-46F9-9737-99268D4A8E6E}.Release|Any CPU.ActiveCfg = Release|Any CPU
		{B9F21BA5-C343-46F9-9737-99268D4A8E6E}.Release|Any CPU.Build.0 = Release|Any CPU
		{B9F21BA5-C343-46F9-9737-99268D4A8E6E}.Release|Any CPU.Deploy.0 = Release|Any CPU
		{B9F21BA5-C343-46F9-9737-99268D4A8E6E}.Release|x64.ActiveCfg = Release|Any CPU
		{B9F21BA5-C343-46F9-9737-99268D4A8E6E}.Release|x64.Build.0 = Release|Any CPU
		{B9F21BA5-C343-46F9-9737-99268D4A8E6E}.Release|x64.Deploy.0 = Release|Any CPU
		{BE81604F-1789-4B39-A434-3188EC8EBB4F}.Debug|Any CPU.ActiveCfg = Debug|Any CPU
		{BE81604F-1789-4B39-A434-3188EC8EBB4F}.Debug|Any CPU.Build.0 = Debug|Any CPU
		{BE81604F-1789-4B39-A434-3188EC8EBB4F}.Debug|x64.ActiveCfg = Debug|Any CPU
		{BE81604F-1789-4B39-A434-3188EC8EBB4F}.Debug|x64.Build.0 = Debug|Any CPU
		{BE81604F-1789-4B39-A434-3188EC8EBB4F}.Release|Any CPU.ActiveCfg = Release|Any CPU
		{BE81604F-1789-4B39-A434-3188EC8EBB4F}.Release|Any CPU.Build.0 = Release|Any CPU
		{BE81604F-1789-4B39-A434-3188EC8EBB4F}.Release|x64.ActiveCfg = Release|Any CPU
		{BE81604F-1789-4B39-A434-3188EC8EBB4F}.Release|x64.Build.0 = Release|Any CPU
	EndGlobalSection
	GlobalSection(SolutionProperties) = preSolution
		HideSolutionNode = FALSE
	EndGlobalSection
	GlobalSection(ExtensibilityGlobals) = postSolution
		SolutionGuid = {CA3F9E0F-C21C-4B3E-8BBF-F6DC6D9E5FF9}
	EndGlobalSection
EndGlobal
