
Microsoft Visual Studio Solution File, Format Version 12.00
# Visual Studio Version 17
VisualStudioVersion = 17.9.34407.89
MinimumVisualStudioVersion = 10.0.40219.1
Project("{9A19103F-16F7-4668-BE54-9A1E7A4F7556}") = "MijnThuis.Contracts", "MijnThuis.Contracts\MijnThuis.Contracts.csproj", "{68CEFBDA-745D-4684-91CC-F4B4715DEC3E}"
EndProject
Project("{9A19103F-16F7-4668-BE54-9A1E7A4F7556}") = "MijnThuis.Dashboard.Web", "MijnThuis.Dashboard.Web\MijnThuis.Dashboard.Web.csproj", "{35BE2B21-0BA7-4554-AAF6-9DDB966F0ECE}"
EndProject
Project("{9A19103F-16F7-4668-BE54-9A1E7A4F7556}") = "MijnThuis.Application", "MijnThuis.Application\MijnThuis.Application.csproj", "{85B9602C-F4A0-4EC7-B5E5-6F4FD67FC100}"
EndProject
Project("{9A19103F-16F7-4668-BE54-9A1E7A4F7556}") = "MijnThuis.Integrations", "MijnThuis.Integrations\MijnThuis.Integrations.csproj", "{212371A2-6082-49B4-A1B3-662B3EF2DB17}"
EndProject
Project("{9A19103F-16F7-4668-BE54-9A1E7A4F7556}") = "MijnThuis.Dashboard.App", "MijnThuis.Dashboard.App\MijnThuis.Dashboard.App.csproj", "{B9F21BA5-C343-46F9-9737-99268D4A8E6E}"
EndProject
Project("{FAE04EC0-301F-11D3-BF4B-00C04F79EFBC}") = "MijnThuis.Worker", "MijnThuis.Worker\MijnThuis.Worker.csproj", "{BE81604F-1789-4B39-A434-3188EC8EBB4F}"
EndProject
Project("{FAE04EC0-301F-11D3-BF4B-00C04F79EFBC}") = "MijnThuis.DataAccess", "MijnThuis.DataAccess\MijnThuis.DataAccess.csproj", "{D895942D-CD74-4DC6-8526-D9FB28951D3E}"
EndProject
Project("{2150E333-8FDC-42A3-9474-1A3956D46DE8}") = "1. Application", "1. Application", "{638D4F65-4D41-485C-9D75-5A128DACAB6A}"
EndProject
Project("{2150E333-8FDC-42A3-9474-1A3956D46DE8}") = "2. Domain", "2. Domain", "{38AEAF92-2D2F-4708-AFAE-91891E0D1C2A}"
EndProject
Project("{2150E333-8FDC-42A3-9474-1A3956D46DE8}") = "3. Infrastructure", "3. Infrastructure", "{C5F5B391-ED16-4566-82A3-8600F09F8375}"
EndProject
Project("{2150E333-8FDC-42A3-9474-1A3956D46DE8}") = "9. Tests", "9. Tests", "{E9894B96-CEE5-4227-BEC7-BE651BDDB355}"
EndProject
Project("{FAE04EC0-301F-11D3-BF4B-00C04F79EFBC}") = "MijnThuis.Tests", "MijnThuis.Tests\MijnThuis.Tests.csproj", "{7D01F5D5-8C21-4E07-B8F0-52BA06556755}"
EndProject
Project("{FAE04EC0-301F-11D3-BF4B-00C04F79EFBC}") = "MijnThuis.MyConsole", "MijnThuis.MyConsole\MijnThuis.MyConsole.csproj", "{5E1DB074-F26B-491A-8F6F-158FF258B6D2}"
EndProject
Project("{FAE04EC0-301F-11D3-BF4B-00C04F79EFBC}") = "MijnThuis.ModbusProxy.Api", "MijnThuis.ModbusProxy.Api\MijnThuis.ModbusProxy.Api.csproj", "{EA1D7F33-295D-4F1D-AB7C-F46D6C3B7967}"
EndProject
Global
	GlobalSection(SolutionConfigurationPlatforms) = preSolution
		Debug|Any CPU = Debug|Any CPU
		Debug|x64 = Debug|x64
		Release|Any CPU = Release|Any CPU
		Release|x64 = Release|x64
	EndGlobalSection
	GlobalSection(ProjectConfigurationPlatforms) = postSolution
		{68CEFBDA-745D-4684-91CC-F4B4715DEC3E}.Debug|Any CPU.ActiveCfg = Debug|Any CPU
		{68CEFBDA-745D-4684-91CC-F4B4715DEC3E}.Debug|Any CPU.Build.0 = Debug|Any CPU
		{68CEFBDA-745D-4684-91CC-F4B4715DEC3E}.Debug|x64.ActiveCfg = Debug|Any CPU
		{68CEFBDA-745D-4684-91CC-F4B4715DEC3E}.Debug|x64.Build.0 = Debug|Any CPU
		{68CEFBDA-745D-4684-91CC-F4B4715DEC3E}.Release|Any CPU.ActiveCfg = Release|Any CPU
		{68CEFBDA-745D-4684-91CC-F4B4715DEC3E}.Release|Any CPU.Build.0 = Release|Any CPU
		{68CEFBDA-745D-4684-91CC-F4B4715DEC3E}.Release|x64.ActiveCfg = Release|Any CPU
		{68CEFBDA-745D-4684-91CC-F4B4715DEC3E}.Release|x64.Build.0 = Release|Any CPU
		{35BE2B21-0BA7-4554-AAF6-9DDB966F0ECE}.Debug|Any CPU.ActiveCfg = Debug|Any CPU
		{35BE2B21-0BA7-4554-AAF6-9DDB966F0ECE}.Debug|Any CPU.Build.0 = Debug|Any CPU
		{35BE2B21-0BA7-4554-AAF6-9DDB966F0ECE}.Debug|x64.ActiveCfg = Debug|Any CPU
		{35BE2B21-0BA7-4554-AAF6-9DDB966F0ECE}.Debug|x64.Build.0 = Debug|Any CPU
		{35BE2B21-0BA7-4554-AAF6-9DDB966F0ECE}.Release|Any CPU.ActiveCfg = Release|Any CPU
		{35BE2B21-0BA7-4554-AAF6-9DDB966F0ECE}.Release|Any CPU.Build.0 = Release|Any CPU
		{35BE2B21-0BA7-4554-AAF6-9DDB966F0ECE}.Release|x64.ActiveCfg = Release|Any CPU
		{35BE2B21-0BA7-4554-AAF6-9DDB966F0ECE}.Release|x64.Build.0 = Release|Any CPU
		{85B9602C-F4A0-4EC7-B5E5-6F4FD67FC100}.Debug|Any CPU.ActiveCfg = Debug|Any CPU
		{85B9602C-F4A0-4EC7-B5E5-6F4FD67FC100}.Debug|Any CPU.Build.0 = Debug|Any CPU
		{85B9602C-F4A0-4EC7-B5E5-6F4FD67FC100}.Debug|x64.ActiveCfg = Debug|Any CPU
		{85B9602C-F4A0-4EC7-B5E5-6F4FD67FC100}.Debug|x64.Build.0 = Debug|Any CPU
		{85B9602C-F4A0-4EC7-B5E5-6F4FD67FC100}.Release|Any CPU.ActiveCfg = Release|Any CPU
		{85B9602C-F4A0-4EC7-B5E5-6F4FD67FC100}.Release|Any CPU.Build.0 = Release|Any CPU
		{85B9602C-F4A0-4EC7-B5E5-6F4FD67FC100}.Release|x64.ActiveCfg = Release|Any CPU
		{85B9602C-F4A0-4EC7-B5E5-6F4FD67FC100}.Release|x64.Build.0 = Release|Any CPU
		{212371A2-6082-49B4-A1B3-662B3EF2DB17}.Debug|Any CPU.ActiveCfg = Debug|Any CPU
		{212371A2-6082-49B4-A1B3-662B3EF2DB17}.Debug|Any CPU.Build.0 = Debug|Any CPU
		{212371A2-6082-49B4-A1B3-662B3EF2DB17}.Debug|x64.ActiveCfg = Debug|Any CPU
		{212371A2-6082-49B4-A1B3-662B3EF2DB17}.Debug|x64.Build.0 = Debug|Any CPU
		{212371A2-6082-49B4-A1B3-662B3EF2DB17}.Release|Any CPU.ActiveCfg = Release|Any CPU
		{212371A2-6082-49B4-A1B3-662B3EF2DB17}.Release|Any CPU.Build.0 = Release|Any CPU
		{212371A2-6082-49B4-A1B3-662B3EF2DB17}.Release|x64.ActiveCfg = Release|Any CPU
		{212371A2-6082-49B4-A1B3-662B3EF2DB17}.Release|x64.Build.0 = Release|Any CPU
		{B9F21BA5-C343-46F9-9737-99268D4A8E6E}.Debug|Any CPU.ActiveCfg = Debug|Any CPU
		{B9F21BA5-C343-46F9-9737-99268D4A8E6E}.Debug|Any CPU.Build.0 = Debug|Any CPU
		{B9F21BA5-C343-46F9-9737-99268D4A8E6E}.Debug|Any CPU.Deploy.0 = Debug|Any CPU
		{B9F21BA5-C343-46F9-9737-99268D4A8E6E}.Debug|x64.ActiveCfg = Debug|Any CPU
		{B9F21BA5-C343-46F9-9737-99268D4A8E6E}.Debug|x64.Build.0 = Debug|Any CPU
		{B9F21BA5-C343-46F9-9737-99268D4A8E6E}.Debug|x64.Deploy.0 = Debug|Any CPU
		{B9F21BA5-C343-46F9-9737-99268D4A8E6E}.Release|Any CPU.ActiveCfg = Release|Any CPU
		{B9F21BA5-C343-46F9-9737-99268D4A8E6E}.Release|Any CPU.Build.0 = Release|Any CPU
		{B9F21BA5-C343-46F9-9737-99268D4A8E6E}.Release|Any CPU.Deploy.0 = Release|Any CPU
		{B9F21BA5-C343-46F9-9737-99268D4A8E6E}.Release|x64.ActiveCfg = Release|Any CPU
		{B9F21BA5-C343-46F9-9737-99268D4A8E6E}.Release|x64.Build.0 = Release|Any CPU
		{B9F21BA5-C343-46F9-9737-99268D4A8E6E}.Release|x64.Deploy.0 = Release|Any CPU
		{BE81604F-1789-4B39-A434-3188EC8EBB4F}.Debug|Any CPU.ActiveCfg = Debug|Any CPU
		{BE81604F-1789-4B39-A434-3188EC8EBB4F}.Debug|Any CPU.Build.0 = Debug|Any CPU
		{BE81604F-1789-4B39-A434-3188EC8EBB4F}.Debug|x64.ActiveCfg = Debug|Any CPU
		{BE81604F-1789-4B39-A434-3188EC8EBB4F}.Debug|x64.Build.0 = Debug|Any CPU
		{BE81604F-1789-4B39-A434-3188EC8EBB4F}.Release|Any CPU.ActiveCfg = Release|Any CPU
		{BE81604F-1789-4B39-A434-3188EC8EBB4F}.Release|Any CPU.Build.0 = Release|Any CPU
		{BE81604F-1789-4B39-A434-3188EC8EBB4F}.Release|x64.ActiveCfg = Release|Any CPU
		{BE81604F-1789-4B39-A434-3188EC8EBB4F}.Release|x64.Build.0 = Release|Any CPU
		{D895942D-CD74-4DC6-8526-D9FB28951D3E}.Debug|Any CPU.ActiveCfg = Debug|Any CPU
		{D895942D-CD74-4DC6-8526-D9FB28951D3E}.Debug|Any CPU.Build.0 = Debug|Any CPU
		{D895942D-CD74-4DC6-8526-D9FB28951D3E}.Debug|x64.ActiveCfg = Debug|Any CPU
		{D895942D-CD74-4DC6-8526-D9FB28951D3E}.Debug|x64.Build.0 = Debug|Any CPU
		{D895942D-CD74-4DC6-8526-D9FB28951D3E}.Release|Any CPU.ActiveCfg = Release|Any CPU
		{D895942D-CD74-4DC6-8526-D9FB28951D3E}.Release|Any CPU.Build.0 = Release|Any CPU
		{D895942D-CD74-4DC6-8526-D9FB28951D3E}.Release|x64.ActiveCfg = Release|Any CPU
		{D895942D-CD74-4DC6-8526-D9FB28951D3E}.Release|x64.Build.0 = Release|Any CPU
		{7D01F5D5-8C21-4E07-B8F0-52BA06556755}.Debug|Any CPU.ActiveCfg = Debug|Any CPU
		{7D01F5D5-8C21-4E07-B8F0-52BA06556755}.Debug|Any CPU.Build.0 = Debug|Any CPU
		{7D01F5D5-8C21-4E07-B8F0-52BA06556755}.Debug|x64.ActiveCfg = Debug|Any CPU
		{7D01F5D5-8C21-4E07-B8F0-52BA06556755}.Debug|x64.Build.0 = Debug|Any CPU
		{7D01F5D5-8C21-4E07-B8F0-52BA06556755}.Release|Any CPU.ActiveCfg = Release|Any CPU
		{7D01F5D5-8C21-4E07-B8F0-52BA06556755}.Release|Any CPU.Build.0 = Release|Any CPU
		{7D01F5D5-8C21-4E07-B8F0-52BA06556755}.Release|x64.ActiveCfg = Release|Any CPU
		{7D01F5D5-8C21-4E07-B8F0-52BA06556755}.Release|x64.Build.0 = Release|Any CPU
		{5E1DB074-F26B-491A-8F6F-158FF258B6D2}.Debug|Any CPU.ActiveCfg = Debug|Any CPU
		{5E1DB074-F26B-491A-8F6F-158FF258B6D2}.Debug|Any CPU.Build.0 = Debug|Any CPU
		{5E1DB074-F26B-491A-8F6F-158FF258B6D2}.Debug|x64.ActiveCfg = Debug|Any CPU
		{5E1DB074-F26B-491A-8F6F-158FF258B6D2}.Debug|x64.Build.0 = Debug|Any CPU
		{5E1DB074-F26B-491A-8F6F-158FF258B6D2}.Release|Any CPU.ActiveCfg = Release|Any CPU
		{5E1DB074-F26B-491A-8F6F-158FF258B6D2}.Release|Any CPU.Build.0 = Release|Any CPU
		{5E1DB074-F26B-491A-8F6F-158FF258B6D2}.Release|x64.ActiveCfg = Release|Any CPU
		{5E1DB074-F26B-491A-8F6F-158FF258B6D2}.Release|x64.Build.0 = Release|Any CPU
		{EA1D7F33-295D-4F1D-AB7C-F46D6C3B7967}.Debug|Any CPU.ActiveCfg = Debug|Any CPU
		{EA1D7F33-295D-4F1D-AB7C-F46D6C3B7967}.Debug|Any CPU.Build.0 = Debug|Any CPU
		{EA1D7F33-295D-4F1D-AB7C-F46D6C3B7967}.Debug|x64.ActiveCfg = Debug|Any CPU
		{EA1D7F33-295D-4F1D-AB7C-F46D6C3B7967}.Debug|x64.Build.0 = Debug|Any CPU
		{EA1D7F33-295D-4F1D-AB7C-F46D6C3B7967}.Release|Any CPU.ActiveCfg = Release|Any CPU
		{EA1D7F33-295D-4F1D-AB7C-F46D6C3B7967}.Release|Any CPU.Build.0 = Release|Any CPU
		{EA1D7F33-295D-4F1D-AB7C-F46D6C3B7967}.Release|x64.ActiveCfg = Release|Any CPU
		{EA1D7F33-295D-4F1D-AB7C-F46D6C3B7967}.Release|x64.Build.0 = Release|Any CPU
	EndGlobalSection
	GlobalSection(SolutionProperties) = preSolution
		HideSolutionNode = FALSE
	EndGlobalSection
	GlobalSection(NestedProjects) = preSolution
		{68CEFBDA-745D-4684-91CC-F4B4715DEC3E} = {38AEAF92-2D2F-4708-AFAE-91891E0D1C2A}
		{35BE2B21-0BA7-4554-AAF6-9DDB966F0ECE} = {C5F5B391-ED16-4566-82A3-8600F09F8375}
		{85B9602C-F4A0-4EC7-B5E5-6F4FD67FC100} = {638D4F65-4D41-485C-9D75-5A128DACAB6A}
		{212371A2-6082-49B4-A1B3-662B3EF2DB17} = {C5F5B391-ED16-4566-82A3-8600F09F8375}
		{B9F21BA5-C343-46F9-9737-99268D4A8E6E} = {C5F5B391-ED16-4566-82A3-8600F09F8375}
		{BE81604F-1789-4B39-A434-3188EC8EBB4F} = {C5F5B391-ED16-4566-82A3-8600F09F8375}
		{D895942D-CD74-4DC6-8526-D9FB28951D3E} = {C5F5B391-ED16-4566-82A3-8600F09F8375}
		{7D01F5D5-8C21-4E07-B8F0-52BA06556755} = {E9894B96-CEE5-4227-BEC7-BE651BDDB355}
		{5E1DB074-F26B-491A-8F6F-158FF258B6D2} = {E9894B96-CEE5-4227-BEC7-BE651BDDB355}
		{EA1D7F33-295D-4F1D-AB7C-F46D6C3B7967} = {C5F5B391-ED16-4566-82A3-8600F09F8375}
	EndGlobalSection
	GlobalSection(ExtensibilityGlobals) = postSolution
		SolutionGuid = {CA3F9E0F-C21C-4B3E-8BBF-F6DC6D9E5FF9}
	EndGlobalSection
EndGlobal
